{
  "name": "ABAP-Logger",
  "lockfileVersion": 3,
  "requires": true,
  "packages": {
    "": {
      "devDependencies": {
        "@abaplint/cli": "^2.120.31"
      }
    },
    "node_modules/@abaplint/cli": {
      "version": "2.120.31",
      "resolved": "https://registry.npmjs.org/@abaplint/cli/-/cli-2.120.31.tgz",
      "integrity": "sha512-ptvWQwVa8tJapHZZqc7qy91IZMX6CS6292hDQ/yNlPg5lmhIhpbA+ztl08DfiSiGTYMus0ZUxD9BKlqUO/z5iw==",
      "dev": true,
      "license": "MIT",
      "bin": {
        "abaplint": "abaplint"
      },
      "engines": {
        "node": ">=22.0.0"
      },
      "funding": {
        "url": "https://github.com/sponsors/larshp"
      }
    }
  }
}
